{
    "hash": "a9eb7d0b484daad3de7cdc6caaac14c8",
    "packages": [
        {
            "package": "monolog/monolog",
            "version": "1.0.2"
        },
        {
            "package": "swiftmailer/swiftmailer",
            "version": "dev-master",
            "source-reference": "57789082d1d53529dcf8cd3ca132d9787a59afee",
            "alias": "4.1.9999999.9999999-dev"
        }
    ],
    "packages-dev": null,
    "aliases": []
}
